
Microsoft Visual Studio Solution File, Format Version 12.00
# Visual Studio Version 17
VisualStudioVersion = 17.5.002.0
MinimumVisualStudioVersion = 10.0.40219.1
Project("{2150E333-8FDC-42A3-9474-1A3956D46DE8}") = "src", "src", "{E47CC144-F99C-4627-BF58-8CBFB8D40507}"
EndProject
Project("{2150E333-8FDC-42A3-9474-1A3956D46DE8}") = "svelte-ts", "svelte-ts", "{DA9E06BA-433A-4CE9-A59D-DB81D948869A}"
EndProject
Project("{9A19103F-16F7-4668-BE54-9A1E7A4F7556}") = "backend", "src\svelte-ts\backend\backend.csproj", "{4808B1CD-D231-4712-8F85-0E0678F730FA}"
EndProject
Global
	GlobalSection(SolutionConfigurationPlatforms) = preSolution
		Debug|Any CPU = Debug|Any CPU
		Release|Any CPU = Release|Any CPU
	EndGlobalSection
	GlobalSection(ProjectConfigurationPlatforms) = postSolution
		{4808B1CD-D231-4712-8F85-0E0678F730FA}.Debug|Any CPU.ActiveCfg = Debug|Any CPU
		{4808B1CD-D231-4712-8F85-0E0678F730FA}.Debug|Any CPU.Build.0 = Debug|Any CPU
		{4808B1CD-D231-4712-8F85-0E0678F730FA}.Release|Any CPU.ActiveCfg = Release|Any CPU
		{4808B1CD-D231-4712-8F85-0E0678F730FA}.Release|Any CPU.Build.0 = Release|Any CPU
	EndGlobalSection
	GlobalSection(SolutionProperties) = preSolution
		HideSolutionNode = FALSE
	EndGlobalSection
	GlobalSection(NestedProjects) = preSolution
		{DA9E06BA-433A-4CE9-A59D-DB81D948869A} = {E47CC144-F99C-4627-BF58-8CBFB8D40507}
		{4808B1CD-D231-4712-8F85-0E0678F730FA} = {DA9E06BA-433A-4CE9-A59D-DB81D948869A}
	EndGlobalSection
	GlobalSection(ExtensibilityGlobals) = postSolution
		SolutionGuid = {81B5F904-A0B7-418B-9776-F4E757C8C415}
	EndGlobalSection
EndGlobal
