{"1.2.0",
[{<<"cowboy">>,{pkg,<<"cowboy">>,<<"2.12.0">>},0},
 {<<"cowlib">>,{pkg,<<"cowlib">>,<<"2.13.0">>},1},
 {<<"gleam_cowboy">>,{pkg,<<"gleam_cowboy">>,<<"0.7.0">>},0},
 {<<"gleam_erlang">>,{pkg,<<"gleam_erlang">>,<<"0.25.0">>},1},
 {<<"gleam_http">>,{pkg,<<"gleam_http">>,<<"3.6.0">>},0},
 {<<"gleam_otp">>,{pkg,<<"gleam_otp">>,<<"0.10.0">>},1},
 {<<"gleam_stdlib">>,{pkg,<<"gleam_stdlib">>,<<"0.36.0">>},1},
 {<<"glisten">>,{pkg,<<"glisten">>,<<"1.0.0">>},1},
 {<<"mist">>,{pkg,<<"mist">>,<<"1.0.0-rc2">>},0},
 {<<"ranch">>,{pkg,<<"ranch">>,<<"1.8.0">>},1}]}.
[
{pkg_hash,[
 {<<"cowboy">>, <<"F276D521A1FF88B2B9B4C54D0E753DA6C66DD7BE6C9FCA3D9418B561828A3731">>},
 {<<"cowlib">>, <<"DB8F7505D8332D98EF50A3EF34B34C1AFDDEC7506E4EE4DD4A3A266285D282CA">>},
 {<<"gleam_cowboy">>, <<"397EE3974DE17CA6CC07D9AE9CCDB67739821B78CBCE17F23B7A53259C63F207">>},
 {<<"gleam_erlang">>, <<"C9415EC4C48CFAAC03F073C7C85C302DCA1C07B95463218D44D984B4236BAA2C">>},
 {<<"gleam_http">>, <<"80D8F5689CEA09A2DE8C79ACCFA5E52019BD4567C9905B058EF90C6D9FFF9340">>},
 {<<"gleam_otp">>, <<"17DC621AD14DBC95515D064330B4D94DF4687DB9EAFA9D01E8ECC0A44DD4F35B">>},
 {<<"gleam_stdlib">>, <<"94E6ADE9A15196AF7FBD533698DCF42DBE9FA4B93C2E7C82140E1305AF2EFFD9">>},
 {<<"glisten">>, <<"0817B7F95A07F8F0BA5A463B6329D02F5DA836954C80ADACA5AE7806E517BFD8">>},
 {<<"mist">>, <<"F46B853F55A4896ABAA1F0C4EC59AC0AB9A641BD19B433E0657DDE92E120E4BF">>},
 {<<"ranch">>, <<"8C7A100A139FD57F17327B6413E4167AC559FBC04CA7448E9BE9057311597A1D">>}]},
{pkg_hash_ext,[
 {<<"cowboy">>, <<"8A7ABE6D183372CEB21CAA2709BEC928AB2B72E18A3911AA1771639BEF82651E">>},
 {<<"cowlib">>, <<"E1E1284DC3FC030A64B1AD0D8382AE7E99DA46C3246B815318A4B848873800A4">>},
 {<<"gleam_cowboy">>, <<"2BC7F75BDA6B9EBE23AE924ADBB9B4ABEFCC9BECF08FEBB52F880EAD37C7B324">>},
 {<<"gleam_erlang">>, <<"054D571A7092D2A9727B3E5D183B7507DAB0DA41556EC9133606F09C15497373">>},
 {<<"gleam_http">>, <<"8C07DF9DF8CC7F054C650839A51C30A7D3C26482AC241C899C1CEA86B22DBE51">>},
 {<<"gleam_otp">>, <<"0B04FE915ACECE539B317F9652CAADBBC0F000184D586AAAF2D94C100945D72B">>},
 {<<"gleam_stdlib">>, <<"C0D14D807FEC6F8A08A7C9EF8DFDE6AE5C10E40E21325B2B29365965D82EB3D4">>},
 {<<"glisten">>, <<"BF6C557531E85B13518F3CEA611843C003294C45101D530D1F0DBB0200D51C03">>},
 {<<"mist">>, <<"8A281FB3A1EEC0195F5DC3ECB4CE66023FBAD523638B5B9417E331416AE7ADB3">>},
 {<<"ranch">>, <<"49FBCFD3682FAB1F5D109351B61257676DA1A2FDBE295904176D5E521A2DDFE5">>}]}
].
